// !$*UTF8*$!
{
	archiveVersion = 1;
	classes = {
	};
	objectVersion = 51;
	objects = {

/* Begin PBXBuildFile section */
		0A8E2A9DE581510E77D3D0C9 /* Pods_ParstagramTests.framework in Frameworks */ = {isa = PBXBuildFile; fileRef = 0E71B1FB2841DB6C86954947 /* Pods_ParstagramTests.framework */; };
		6AC17D3D242472FB00112213 /* LoginViewController.swift in Sources */ = {isa = PBXBuildFile; fileRef = 6AC17D3C242472FB00112213 /* LoginViewController.swift */; };
		6AC17D3F2424730700112213 /* FeedViewController.swift in Sources */ = {isa = PBXBuildFile; fileRef = 6AC17D3E2424730700112213 /* FeedViewController.swift */; };
		6AC17D412424943700112213 /* CameraViewController.swift in Sources */ = {isa = PBXBuildFile; fileRef = 6AC17D402424943700112213 /* CameraViewController.swift */; };
		6AC17D432424A3B800112213 /* PostCell.swift in Sources */ = {isa = PBXBuildFile; fileRef = 6AC17D422424A3B800112213 /* PostCell.swift */; };
		6AD63A8624246BA6006BC0BA /* AppDelegate.swift in Sources */ = {isa = PBXBuildFile; fileRef = 6AD63A8524246BA6006BC0BA /* AppDelegate.swift */; };
		6AD63A8824246BA6006BC0BA /* SceneDelegate.swift in Sources */ = {isa = PBXBuildFile; fileRef = 6AD63A8724246BA6006BC0BA /* SceneDelegate.swift */; };
		6AD63A8D24246BA6006BC0BA /* Main.storyboard in Resources */ = {isa = PBXBuildFile; fileRef = 6AD63A8B24246BA6006BC0BA /* Main.storyboard */; };
		6AD63A8F24246BAA006BC0BA /* Assets.xcassets in Resources */ = {isa = PBXBuildFile; fileRef = 6AD63A8E24246BAA006BC0BA /* Assets.xcassets */; };
		6AD63A9224246BAA006BC0BA /* LaunchScreen.storyboard in Resources */ = {isa = PBXBuildFile; fileRef = 6AD63A9024246BAA006BC0BA /* LaunchScreen.storyboard */; };
		6AD63A9D24246BAA006BC0BA /* ParstagramTests.swift in Sources */ = {isa = PBXBuildFile; fileRef = 6AD63A9C24246BAA006BC0BA /* ParstagramTests.swift */; };
		6AD63AA824246BAA006BC0BA /* ParstagramUITests.swift in Sources */ = {isa = PBXBuildFile; fileRef = 6AD63AA724246BAA006BC0BA /* ParstagramUITests.swift */; };
		A907BAC532F50158166F0201 /* Pods_Parstagram.framework in Frameworks */ = {isa = PBXBuildFile; fileRef = 4D72C932E2F7745D5DEC0192 /* Pods_Parstagram.framework */; };
		C93994A525DE20D9CC630488 /* Pods_Parstagram_ParstagramUITests.framework in Frameworks */ = {isa = PBXBuildFile; fileRef = 8B2CC93B01CB94A8A755F927 /* Pods_Parstagram_ParstagramUITests.framework */; };
/* End PBXBuildFile section */

/* Begin PBXContainerItemProxy section */
		6AD63A9924246BAA006BC0BA /* PBXContainerItemProxy */ = {
			isa = PBXContainerItemProxy;
			containerPortal = 6AD63A7A24246BA6006BC0BA /* Project object */;
			proxyType = 1;
			remoteGlobalIDString = 6AD63A8124246BA6006BC0BA;
			remoteInfo = Parstagram;
		};
		6AD63AA424246BAA006BC0BA /* PBXContainerItemProxy */ = {
			isa = PBXContainerItemProxy;
			containerPortal = 6AD63A7A24246BA6006BC0BA /* Project object */;
			proxyType = 1;
			remoteGlobalIDString = 6AD63A8124246BA6006BC0BA;
			remoteInfo = Parstagram;
		};
/* End PBXContainerItemProxy section */

/* Begin PBXFileReference section */
		017A567C4ECD10EA13FD40E7 /* Pods-ParstagramTests.debug.xcconfig */ = {isa = PBXFileReference; includeInIndex = 1; lastKnownFileType = text.xcconfig; name = "Pods-ParstagramTests.debug.xcconfig"; path = "Target Support Files/Pods-ParstagramTests/Pods-ParstagramTests.debug.xcconfig"; sourceTree = "<group>"; };
		0E71B1FB2841DB6C86954947 /* Pods_ParstagramTests.framework */ = {isa = PBXFileReference; explicitFileType = wrapper.framework; includeInIndex = 0; path = Pods_ParstagramTests.framework; sourceTree = BUILT_PRODUCTS_DIR; };
		249E18BE20AA60E26B27569F /* Pods-Parstagram-ParstagramUITests.debug.xcconfig */ = {isa = PBXFileReference; includeInIndex = 1; lastKnownFileType = text.xcconfig; name = "Pods-Parstagram-ParstagramUITests.debug.xcconfig"; path = "Target Support Files/Pods-Parstagram-ParstagramUITests/Pods-Parstagram-ParstagramUITests.debug.xcconfig"; sourceTree = "<group>"; };
		320D6A84F6021518A4AF735E /* Pods-ParstagramTests.release.xcconfig */ = {isa = PBXFileReference; includeInIndex = 1; lastKnownFileType = text.xcconfig; name = "Pods-ParstagramTests.release.xcconfig"; path = "Target Support Files/Pods-ParstagramTests/Pods-ParstagramTests.release.xcconfig"; sourceTree = "<group>"; };
		4D72C932E2F7745D5DEC0192 /* Pods_Parstagram.framework */ = {isa = PBXFileReference; explicitFileType = wrapper.framework; includeInIndex = 0; path = Pods_Parstagram.framework; sourceTree = BUILT_PRODUCTS_DIR; };
		6AC17D3C242472FB00112213 /* LoginViewController.swift */ = {isa = PBXFileReference; lastKnownFileType = sourcecode.swift; path = LoginViewController.swift; sourceTree = "<group>"; };
		6AC17D3E2424730700112213 /* FeedViewController.swift */ = {isa = PBXFileReference; lastKnownFileType = sourcecode.swift; path = FeedViewController.swift; sourceTree = "<group>"; };
		6AC17D402424943700112213 /* CameraViewController.swift */ = {isa = PBXFileReference; lastKnownFileType = sourcecode.swift; path = CameraViewController.swift; sourceTree = "<group>"; };
		6AC17D422424A3B800112213 /* PostCell.swift */ = {isa = PBXFileReference; lastKnownFileType = sourcecode.swift; path = PostCell.swift; sourceTree = "<group>"; };
		6AD63A8224246BA6006BC0BA /* Parstagram.app */ = {isa = PBXFileReference; explicitFileType = wrapper.application; includeInIndex = 0; path = Parstagram.app; sourceTree = BUILT_PRODUCTS_DIR; };
		6AD63A8524246BA6006BC0BA /* AppDelegate.swift */ = {isa = PBXFileReference; lastKnownFileType = sourcecode.swift; path = AppDelegate.swift; sourceTree = "<group>"; };
		6AD63A8724246BA6006BC0BA /* SceneDelegate.swift */ = {isa = PBXFileReference; lastKnownFileType = sourcecode.swift; path = SceneDelegate.swift; sourceTree = "<group>"; };
		6AD63A8C24246BA6006BC0BA /* Base */ = {isa = PBXFileReference; lastKnownFileType = file.storyboard; name = Base; path = Base.lproj/Main.storyboard; sourceTree = "<group>"; };
		6AD63A8E24246BAA006BC0BA /* Assets.xcassets */ = {isa = PBXFileReference; lastKnownFileType = folder.assetcatalog; path = Assets.xcassets; sourceTree = "<group>"; };
		6AD63A9124246BAA006BC0BA /* Base */ = {isa = PBXFileReference; lastKnownFileType = file.storyboard; name = Base; path = Base.lproj/LaunchScreen.storyboard; sourceTree = "<group>"; };
		6AD63A9324246BAA006BC0BA /* Info.plist */ = {isa = PBXFileReference; lastKnownFileType = text.plist.xml; path = Info.plist; sourceTree = "<group>"; };
		6AD63A9824246BAA006BC0BA /* ParstagramTests.xctest */ = {isa = PBXFileReference; explicitFileType = wrapper.cfbundle; includeInIndex = 0; path = ParstagramTests.xctest; sourceTree = BUILT_PRODUCTS_DIR; };
		6AD63A9C24246BAA006BC0BA /* ParstagramTests.swift */ = {isa = PBXFileReference; lastKnownFileType = sourcecode.swift; path = ParstagramTests.swift; sourceTree = "<group>"; };
		6AD63A9E24246BAA006BC0BA /* Info.plist */ = {isa = PBXFileReference; lastKnownFileType = text.plist.xml; path = Info.plist; sourceTree = "<group>"; };
		6AD63AA324246BAA006BC0BA /* ParstagramUITests.xctest */ = {isa = PBXFileReference; explicitFileType = wrapper.cfbundle; includeInIndex = 0; path = ParstagramUITests.xctest; sourceTree = BUILT_PRODUCTS_DIR; };
		6AD63AA724246BAA006BC0BA /* ParstagramUITests.swift */ = {isa = PBXFileReference; lastKnownFileType = sourcecode.swift; path = ParstagramUITests.swift; sourceTree = "<group>"; };
		6AD63AA924246BAA006BC0BA /* Info.plist */ = {isa = PBXFileReference; lastKnownFileType = text.plist.xml; path = Info.plist; sourceTree = "<group>"; };
		8B2CC93B01CB94A8A755F927 /* Pods_Parstagram_ParstagramUITests.framework */ = {isa = PBXFileReference; explicitFileType = wrapper.framework; includeInIndex = 0; path = Pods_Parstagram_ParstagramUITests.framework; sourceTree = BUILT_PRODUCTS_DIR; };
		C5EC4785F3C0655E41C11DB5 /* Pods-Parstagram-ParstagramUITests.release.xcconfig */ = {isa = PBXFileReference; includeInIndex = 1; lastKnownFileType = text.xcconfig; name = "Pods-Parstagram-ParstagramUITests.release.xcconfig"; path = "Target Support Files/Pods-Parstagram-ParstagramUITests/Pods-Parstagram-ParstagramUITests.release.xcconfig"; sourceTree = "<group>"; };
		D2BB8B6DE6ECD6E6ED675D2A /* Pods-Parstagram.debug.xcconfig */ = {isa = PBXFileReference; includeInIndex = 1; lastKnownFileType = text.xcconfig; name = "Pods-Parstagram.debug.xcconfig"; path = "Target Support Files/Pods-Parstagram/Pods-Parstagram.debug.xcconfig"; sourceTree = "<group>"; };
		F03A6E0900CAEC3527778D37 /* Pods-Parstagram.release.xcconfig */ = {isa = PBXFileReference; includeInIndex = 1; lastKnownFileType = text.xcconfig; name = "Pods-Parstagram.release.xcconfig"; path = "Target Support Files/Pods-Parstagram/Pods-Parstagram.release.xcconfig"; sourceTree = "<group>"; };
/* End PBXFileReference section */

/* Begin PBXFrameworksBuildPhase section */
		6AD63A7F24246BA6006BC0BA /* Frameworks */ = {
			isa = PBXFrameworksBuildPhase;
			buildActionMask = 2147483647;
			files = (
				A907BAC532F50158166F0201 /* Pods_Parstagram.framework in Frameworks */,
			);
			runOnlyForDeploymentPostprocessing = 0;
		};
		6AD63A9524246BAA006BC0BA /* Frameworks */ = {
			isa = PBXFrameworksBuildPhase;
			buildActionMask = 2147483647;
			files = (
				0A8E2A9DE581510E77D3D0C9 /* Pods_ParstagramTests.framework in Frameworks */,
			);
			runOnlyForDeploymentPostprocessing = 0;
		};
		6AD63AA024246BAA006BC0BA /* Frameworks */ = {
			isa = PBXFrameworksBuildPhase;
			buildActionMask = 2147483647;
			files = (
				C93994A525DE20D9CC630488 /* Pods_Parstagram_ParstagramUITests.framework in Frameworks */,
			);
			runOnlyForDeploymentPostprocessing = 0;
		};
/* End PBXFrameworksBuildPhase section */

/* Begin PBXGroup section */
		2F7A0057E7DFEA98C6502A70 /* Frameworks */ = {
			isa = PBXGroup;
			children = (
				4D72C932E2F7745D5DEC0192 /* Pods_Parstagram.framework */,
				8B2CC93B01CB94A8A755F927 /* Pods_Parstagram_ParstagramUITests.framework */,
				0E71B1FB2841DB6C86954947 /* Pods_ParstagramTests.framework */,
			);
			name = Frameworks;
			sourceTree = "<group>";
		};
		6AD63A7924246BA6006BC0BA = {
			isa = PBXGroup;
			children = (
				6AD63A8424246BA6006BC0BA /* Parstagram */,
				6AD63A9B24246BAA006BC0BA /* ParstagramTests */,
				6AD63AA624246BAA006BC0BA /* ParstagramUITests */,
				6AD63A8324246BA6006BC0BA /* Products */,
				A50A147B0D86ABD3CA522D2E /* Pods */,
				2F7A0057E7DFEA98C6502A70 /* Frameworks */,
			);
			sourceTree = "<group>";
		};
		6AD63A8324246BA6006BC0BA /* Products */ = {
			isa = PBXGroup;
			children = (
				6AD63A8224246BA6006BC0BA /* Parstagram.app */,
				6AD63A9824246BAA006BC0BA /* ParstagramTests.xctest */,
				6AD63AA324246BAA006BC0BA /* ParstagramUITests.xctest */,
			);
			name = Products;
			sourceTree = "<group>";
		};
		6AD63A8424246BA6006BC0BA /* Parstagram */ = {
			isa = PBXGroup;
			children = (
				6AD63A8524246BA6006BC0BA /* AppDelegate.swift */,
				6AD63A8724246BA6006BC0BA /* SceneDelegate.swift */,
				6AD63A8B24246BA6006BC0BA /* Main.storyboard */,
				6AD63A8E24246BAA006BC0BA /* Assets.xcassets */,
				6AD63A9024246BAA006BC0BA /* LaunchScreen.storyboard */,
				6AD63A9324246BAA006BC0BA /* Info.plist */,
				6AC17D3C242472FB00112213 /* LoginViewController.swift */,
				6AC17D3E2424730700112213 /* FeedViewController.swift */,
				6AC17D402424943700112213 /* CameraViewController.swift */,
				6AC17D422424A3B800112213 /* PostCell.swift */,
			);
			path = Parstagram;
			sourceTree = "<group>";
		};
		6AD63A9B24246BAA006BC0BA /* ParstagramTests */ = {
			isa = PBXGroup;
			children = (
				6AD63A9C24246BAA006BC0BA /* ParstagramTests.swift */,
				6AD63A9E24246BAA006BC0BA /* Info.plist */,
			);
			path = ParstagramTests;
			sourceTree = "<group>";
		};
		6AD63AA624246BAA006BC0BA /* ParstagramUITests */ = {
			isa = PBXGroup;
			children = (
				6AD63AA724246BAA006BC0BA /* ParstagramUITests.swift */,
				6AD63AA924246BAA006BC0BA /* Info.plist */,
			);
			path = ParstagramUITests;
			sourceTree = "<group>";
		};
		A50A147B0D86ABD3CA522D2E /* Pods */ = {
			isa = PBXGroup;
			children = (
				D2BB8B6DE6ECD6E6ED675D2A /* Pods-Parstagram.debug.xcconfig */,
				F03A6E0900CAEC3527778D37 /* Pods-Parstagram.release.xcconfig */,
				249E18BE20AA60E26B27569F /* Pods-Parstagram-ParstagramUITests.debug.xcconfig */,
				C5EC4785F3C0655E41C11DB5 /* Pods-Parstagram-ParstagramUITests.release.xcconfig */,
				017A567C4ECD10EA13FD40E7 /* Pods-ParstagramTests.debug.xcconfig */,
				320D6A84F6021518A4AF735E /* Pods-ParstagramTests.release.xcconfig */,
			);
			path = Pods;
			sourceTree = "<group>";
		};
/* End PBXGroup section */

/* Begin PBXNativeTarget section */
		6AD63A8124246BA6006BC0BA /* Parstagram */ = {
			isa = PBXNativeTarget;
			buildConfigurationList = 6AD63AAC24246BAA006BC0BA /* Build configuration list for PBXNativeTarget "Parstagram" */;
			buildPhases = (
				A2057F3CF63CFE9DD5F72228 /* [CP] Check Pods Manifest.lock */,
				6AD63A7E24246BA6006BC0BA /* Sources */,
				6AD63A7F24246BA6006BC0BA /* Frameworks */,
				6AD63A8024246BA6006BC0BA /* Resources */,
				70D910AB25E4331F8F73D5FE /* [CP] Embed Pods Frameworks */,
			);
			buildRules = (
			);
			dependencies = (
			);
			name = Parstagram;
			productName = Parstagram;
			productReference = 6AD63A8224246BA6006BC0BA /* Parstagram.app */;
			productType = "com.apple.product-type.application";
		};
		6AD63A9724246BAA006BC0BA /* ParstagramTests */ = {
			isa = PBXNativeTarget;
			buildConfigurationList = 6AD63AAF24246BAA006BC0BA /* Build configuration list for PBXNativeTarget "ParstagramTests" */;
			buildPhases = (
				8DD336423A2199D611C84140 /* [CP] Check Pods Manifest.lock */,
				6AD63A9424246BAA006BC0BA /* Sources */,
				6AD63A9524246BAA006BC0BA /* Frameworks */,
				6AD63A9624246BAA006BC0BA /* Resources */,
			);
			buildRules = (
			);
			dependencies = (
				6AD63A9A24246BAA006BC0BA /* PBXTargetDependency */,
			);
			name = ParstagramTests;
			productName = ParstagramTests;
			productReference = 6AD63A9824246BAA006BC0BA /* ParstagramTests.xctest */;
			productType = "com.apple.product-type.bundle.unit-test";
		};
		6AD63AA224246BAA006BC0BA /* ParstagramUITests */ = {
			isa = PBXNativeTarget;
			buildConfigurationList = 6AD63AB224246BAA006BC0BA /* Build configuration list for PBXNativeTarget "ParstagramUITests" */;
			buildPhases = (
				1B3B9DC317F874DBF343F90A /* [CP] Check Pods Manifest.lock */,
				6AD63A9F24246BAA006BC0BA /* Sources */,
				6AD63AA024246BAA006BC0BA /* Frameworks */,
				6AD63AA124246BAA006BC0BA /* Resources */,
				380144F4353C882E75628F72 /* [CP] Embed Pods Frameworks */,
			);
			buildRules = (
			);
			dependencies = (
				6AD63AA524246BAA006BC0BA /* PBXTargetDependency */,
			);
			name = ParstagramUITests;
			productName = ParstagramUITests;
			productReference = 6AD63AA324246BAA006BC0BA /* ParstagramUITests.xctest */;
			productType = "com.apple.product-type.bundle.ui-testing";
		};
/* End PBXNativeTarget section */

/* Begin PBXProject section */
		6AD63A7A24246BA6006BC0BA /* Project object */ = {
			isa = PBXProject;
			attributes = {
				LastSwiftUpdateCheck = 1130;
				LastUpgradeCheck = 1130;
				ORGANIZATIONNAME = "hht1996@hotmail.com";
				TargetAttributes = {
					6AD63A8124246BA6006BC0BA = {
						CreatedOnToolsVersion = 11.3.1;
					};
					6AD63A9724246BAA006BC0BA = {
						CreatedOnToolsVersion = 11.3.1;
						TestTargetID = 6AD63A8124246BA6006BC0BA;
					};
					6AD63AA224246BAA006BC0BA = {
						CreatedOnToolsVersion = 11.3.1;
						TestTargetID = 6AD63A8124246BA6006BC0BA;
					};
				};
			};
			buildConfigurationList = 6AD63A7D24246BA6006BC0BA /* Build configuration list for PBXProject "Parstagram" */;
			compatibilityVersion = "Xcode 9.3";
			developmentRegion = en;
			hasScannedForEncodings = 0;
			knownRegions = (
				en,
				Base,
			);
			mainGroup = 6AD63A7924246BA6006BC0BA;
			productRefGroup = 6AD63A8324246BA6006BC0BA /* Products */;
			projectDirPath = "";
			projectRoot = "";
			targets = (
				6AD63A8124246BA6006BC0BA /* Parstagram */,
				6AD63A9724246BAA006BC0BA /* ParstagramTests */,
				6AD63AA224246BAA006BC0BA /* ParstagramUITests */,
			);
		};
/* End PBXProject section */

/* Begin PBXResourcesBuildPhase section */
		6AD63A8024246BA6006BC0BA /* Resources */ = {
			isa = PBXResourcesBuildPhase;
			buildActionMask = 2147483647;
			files = (
				6AD63A9224246BAA006BC0BA /* LaunchScreen.storyboard in Resources */,
				6AD63A8F24246BAA006BC0BA /* Assets.xcassets in Resources */,
				6AD63A8D24246BA6006BC0BA /* Main.storyboard in Resources */,
			);
			runOnlyForDeploymentPostprocessing = 0;
		};
		6AD63A9624246BAA006BC0BA /* Resources */ = {
			isa = PBXResourcesBuildPhase;
			buildActionMask = 2147483647;
			files = (
			);
			runOnlyForDeploymentPostprocessing = 0;
		};
		6AD63AA124246BAA006BC0BA /* Resources */ = {
			isa = PBXResourcesBuildPhase;
			buildActionMask = 2147483647;
			files = (
			);
			runOnlyForDeploymentPostprocessing = 0;
		};
/* End PBXResourcesBuildPhase section */

/* Begin PBXShellScriptBuildPhase section */
		1B3B9DC317F874DBF343F90A /* [CP] Check Pods Manifest.lock */ = {
			isa = PBXShellScriptBuildPhase;
			buildActionMask = 2147483647;
			files = (
			);
			inputFileListPaths = (
			);
			inputPaths = (
				"${PODS_PODFILE_DIR_PATH}/Podfile.lock",
				"${PODS_ROOT}/Manifest.lock",
			);
			name = "[CP] Check Pods Manifest.lock";
			outputFileListPaths = (
			);
			outputPaths = (
				"$(DERIVED_FILE_DIR)/Pods-Parstagram-ParstagramUITests-checkManifestLockResult.txt",
			);
			runOnlyForDeploymentPostprocessing = 0;
			shellPath = /bin/sh;
			shellScript = "diff \"${PODS_PODFILE_DIR_PATH}/Podfile.lock\" \"${PODS_ROOT}/Manifest.lock\" > /dev/null\nif [ $? != 0 ] ; then\n    # print error to STDERR\n    echo \"error: The sandbox is not in sync with the Podfile.lock. Run 'pod install' or update your CocoaPods installation.\" >&2\n    exit 1\nfi\n# This output is used by Xcode 'outputs' to avoid re-running this script phase.\necho \"SUCCESS\" > \"${SCRIPT_OUTPUT_FILE_0}\"\n";
			showEnvVarsInLog = 0;
		};
		380144F4353C882E75628F72 /* [CP] Embed Pods Frameworks */ = {
			isa = PBXShellScriptBuildPhase;
			buildActionMask = 2147483647;
			files = (
			);
			inputFileListPaths = (
				"${PODS_ROOT}/Target Support Files/Pods-Parstagram-ParstagramUITests/Pods-Parstagram-ParstagramUITests-frameworks-${CONFIGURATION}-input-files.xcfilelist",
			);
			name = "[CP] Embed Pods Frameworks";
			outputFileListPaths = (
				"${PODS_ROOT}/Target Support Files/Pods-Parstagram-ParstagramUITests/Pods-Parstagram-ParstagramUITests-frameworks-${CONFIGURATION}-output-files.xcfilelist",
			);
			runOnlyForDeploymentPostprocessing = 0;
			shellPath = /bin/sh;
			shellScript = "\"${PODS_ROOT}/Target Support Files/Pods-Parstagram-ParstagramUITests/Pods-Parstagram-ParstagramUITests-frameworks.sh\"\n";
			showEnvVarsInLog = 0;
		};
		70D910AB25E4331F8F73D5FE /* [CP] Embed Pods Frameworks */ = {
			isa = PBXShellScriptBuildPhase;
			buildActionMask = 2147483647;
			files = (
			);
			inputFileListPaths = (
				"${PODS_ROOT}/Target Support Files/Pods-Parstagram/Pods-Parstagram-frameworks-${CONFIGURATION}-input-files.xcfilelist",
			);
			name = "[CP] Embed Pods Frameworks";
			outputFileListPaths = (
				"${PODS_ROOT}/Target Support Files/Pods-Parstagram/Pods-Parstagram-frameworks-${CONFIGURATION}-output-files.xcfilelist",
			);
			runOnlyForDeploymentPostprocessing = 0;
			shellPath = /bin/sh;
			shellScript = "\"${PODS_ROOT}/Target Support Files/Pods-Parstagram/Pods-Parstagram-frameworks.sh\"\n";
			showEnvVarsInLog = 0;
		};
		8DD336423A2199D611C84140 /* [CP] Check Pods Manifest.lock */ = {
			isa = PBXShellScriptBuildPhase;
			buildActionMask = 2147483647;
			files = (
			);
			inputFileListPaths = (
			);
			inputPaths = (
				"${PODS_PODFILE_DIR_PATH}/Podfile.lock",
				"${PODS_ROOT}/Manifest.lock",
			);
			name = "[CP] Check Pods Manifest.lock";
			outputFileListPaths = (
			);
			outputPaths = (
				"$(DERIVED_FILE_DIR)/Pods-ParstagramTests-checkManifestLockResult.txt",
			);
			runOnlyForDeploymentPostprocessing = 0;
			shellPath = /bin/sh;
			shellScript = "diff \"${PODS_PODFILE_DIR_PATH}/Podfile.lock\" \"${PODS_ROOT}/Manifest.lock\" > /dev/null\nif [ $? != 0 ] ; then\n    # print error to STDERR\n    echo \"error: The sandbox is not in sync with the Podfile.lock. Run 'pod install' or update your CocoaPods installation.\" >&2\n    exit 1\nfi\n# This output is used by Xcode 'outputs' to avoid re-running this script phase.\necho \"SUCCESS\" > \"${SCRIPT_OUTPUT_FILE_0}\"\n";
			showEnvVarsInLog = 0;
		};
		A2057F3CF63CFE9DD5F72228 /* [CP] Check Pods Manifest.lock */ = {
			isa = PBXShellScriptBuildPhase;
			buildActionMask = 2147483647;
			files = (
			);
			inputFileListPaths = (
			);
			inputPaths = (
				"${PODS_PODFILE_DIR_PATH}/Podfile.lock",
				"${PODS_ROOT}/Manifest.lock",
			);
			name = "[CP] Check Pods Manifest.lock";
			outputFileListPaths = (
			);
			outputPaths = (
				"$(DERIVED_FILE_DIR)/Pods-Parstagram-checkManifestLockResult.txt",
			);
			runOnlyForDeploymentPostprocessing = 0;
			shellPath = /bin/sh;
			shellScript = "diff \"${PODS_PODFILE_DIR_PATH}/Podfile.lock\" \"${PODS_ROOT}/Manifest.lock\" > /dev/null\nif [ $? != 0 ] ; then\n    # print error to STDERR\n    echo \"error: The sandbox is not in sync with the Podfile.lock. Run 'pod install' or update your CocoaPods installation.\" >&2\n    exit 1\nfi\n# This output is used by Xcode 'outputs' to avoid re-running this script phase.\necho \"SUCCESS\" > \"${SCRIPT_OUTPUT_FILE_0}\"\n";
			showEnvVarsInLog = 0;
		};
/* End PBXShellScriptBuildPhase section */

/* Begin PBXSourcesBuildPhase section */
		6AD63A7E24246BA6006BC0BA /* Sources */ = {
			isa = PBXSourcesBuildPhase;
			buildActionMask = 2147483647;
			files = (
				6AC17D3D242472FB00112213 /* LoginViewController.swift in Sources */,
				6AC17D412424943700112213 /* CameraViewController.swift in Sources */,
				6AD63A8624246BA6006BC0BA /* AppDelegate.swift in Sources */,
				6AC17D3F2424730700112213 /* FeedViewController.swift in Sources */,
				6AD63A8824246BA6006BC0BA /* SceneDelegate.swift in Sources */,
				6AC17D432424A3B800112213 /* PostCell.swift in Sources */,
			);
			runOnlyForDeploymentPostprocessing = 0;
		};
		6AD63A9424246BAA006BC0BA /* Sources */ = {
			isa = PBXSourcesBuildPhase;
			buildActionMask = 2147483647;
			files = (
				6AD63A9D24246BAA006BC0BA /* ParstagramTests.swift in Sources */,
			);
			runOnlyForDeploymentPostprocessing = 0;
		};
		6AD63A9F24246BAA006BC0BA /* Sources */ = {
			isa = PBXSourcesBuildPhase;
			buildActionMask = 2147483647;
			files = (
				6AD63AA824246BAA006BC0BA /* ParstagramUITests.swift in Sources */,
			);
			runOnlyForDeploymentPostprocessing = 0;
		};
/* End PBXSourcesBuildPhase section */

/* Begin PBXTargetDependency section */
		6AD63A9A24246BAA006BC0BA /* PBXTargetDependency */ = {
			isa = PBXTargetDependency;
			target = 6AD63A8124246BA6006BC0BA /* Parstagram */;
			targetProxy = 6AD63A9924246BAA006BC0BA /* PBXContainerItemProxy */;
		};
		6AD63AA524246BAA006BC0BA /* PBXTargetDependency */ = {
			isa = PBXTargetDependency;
			target = 6AD63A8124246BA6006BC0BA /* Parstagram */;
			targetProxy = 6AD63AA424246BAA006BC0BA /* PBXContainerItemProxy */;
		};
/* End PBXTargetDependency section */

/* Begin PBXVariantGroup section */
		6AD63A8B24246BA6006BC0BA /* Main.storyboard */ = {
			isa = PBXVariantGroup;
			children = (
				6AD63A8C24246BA6006BC0BA /* Base */,
			);
			name = Main.storyboard;
			sourceTree = "<group>";
		};
		6AD63A9024246BAA006BC0BA /* LaunchScreen.storyboard */ = {
			isa = PBXVariantGroup;
			children = (
				6AD63A9124246BAA006BC0BA /* Base */,
			);
			name = LaunchScreen.storyboard;
			sourceTree = "<group>";
		};
/* End PBXVariantGroup section */

/* Begin XCBuildConfiguration section */
		6AD63AAA24246BAA006BC0BA /* Debug */ = {
			isa = XCBuildConfiguration;
			buildSettings = {
				ALWAYS_SEARCH_USER_PATHS = NO;
				CLANG_ANALYZER_NONNULL = YES;
				CLANG_ANALYZER_NUMBER_OBJECT_CONVERSION = YES_AGGRESSIVE;
				CLANG_CXX_LANGUAGE_STANDARD = "gnu++14";
				CLANG_CXX_LIBRARY = "libc++";
				CLANG_ENABLE_MODULES = YES;
				CLANG_ENABLE_OBJC_ARC = YES;
				CLANG_ENABLE_OBJC_WEAK = YES;
				CLANG_WARN_BLOCK_CAPTURE_AUTORELEASING = YES;
				CLANG_WARN_BOOL_CONVERSION = YES;
				CLANG_WARN_COMMA = YES;
				CLANG_WARN_CONSTANT_CONVERSION = YES;
				CLANG_WARN_DEPRECATED_OBJC_IMPLEMENTATIONS = YES;
				CLANG_WARN_DIRECT_OBJC_ISA_USAGE = YES_ERROR;
				CLANG_WARN_DOCUMENTATION_COMMENTS = YES;
				CLANG_WARN_EMPTY_BODY = YES;
				CLANG_WARN_ENUM_CONVERSION = YES;
				CLANG_WARN_INFINITE_RECURSION = YES;
				CLANG_WARN_INT_CONVERSION = YES;
				CLANG_WARN_NON_LITERAL_NULL_CONVERSION = YES;
				CLANG_WARN_OBJC_IMPLICIT_RETAIN_SELF = YES;
				CLANG_WARN_OBJC_LITERAL_CONVERSION = YES;
				CLANG_WARN_OBJC_ROOT_CLASS = YES_ERROR;
				CLANG_WARN_RANGE_LOOP_ANALYSIS = YES;
				CLANG_WARN_STRICT_PROTOTYPES = YES;
				CLANG_WARN_SUSPICIOUS_MOVE = YES;
				CLANG_WARN_UNGUARDED_AVAILABILITY = YES_AGGRESSIVE;
				CLANG_WARN_UNREACHABLE_CODE = YES;
				CLANG_WARN__DUPLICATE_METHOD_MATCH = YES;
				COPY_PHASE_STRIP = NO;
				DEBUG_INFORMATION_FORMAT = dwarf;
				ENABLE_STRICT_OBJC_MSGSEND = YES;
				ENABLE_TESTABILITY = YES;
				GCC_C_LANGUAGE_STANDARD = gnu11;
				GCC_DYNAMIC_NO_PIC = NO;
				GCC_NO_COMMON_BLOCKS = YES;
				GCC_OPTIMIZATION_LEVEL = 0;
				GCC_PREPROCESSOR_DEFINITIONS = (
					"DEBUG=1",
					"$(inherited)",
				);
				GCC_WARN_64_TO_32_BIT_CONVERSION = YES;
				GCC_WARN_ABOUT_RETURN_TYPE = YES_ERROR;
				GCC_WARN_UNDECLARED_SELECTOR = YES;
				GCC_WARN_UNINITIALIZED_AUTOS = YES_AGGRESSIVE;
				GCC_WARN_UNUSED_FUNCTION = YES;
				GCC_WARN_UNUSED_VARIABLE = YES;
				IPHONEOS_DEPLOYMENT_TARGET = 13.2;
				MTL_ENABLE_DEBUG_INFO = INCLUDE_SOURCE;
				MTL_FAST_MATH = YES;
				ONLY_ACTIVE_ARCH = YES;
				SDKROOT = iphoneos;
				SWIFT_ACTIVE_COMPILATION_CONDITIONS = DEBUG;
				SWIFT_OPTIMIZATION_LEVEL = "-Onone";
			};
			name = Debug;
		};
		6AD63AAB24246BAA006BC0BA /* Release */ = {
			isa = XCBuildConfiguration;
			buildSettings = {
				ALWAYS_SEARCH_USER_PATHS = NO;
				CLANG_ANALYZER_NONNULL = YES;
				CLANG_ANALYZER_NUMBER_OBJECT_CONVERSION = YES_AGGRESSIVE;
				CLANG_CXX_LANGUAGE_STANDARD = "gnu++14";
				CLANG_CXX_LIBRARY = "libc++";
				CLANG_ENABLE_MODULES = YES;
				CLANG_ENABLE_OBJC_ARC = YES;
				CLANG_ENABLE_OBJC_WEAK = YES;
				CLANG_WARN_BLOCK_CAPTURE_AUTORELEASING = YES;
				CLANG_WARN_BOOL_CONVERSION = YES;
				CLANG_WARN_COMMA = YES;
				CLANG_WARN_CONSTANT_CONVERSION = YES;
				CLANG_WARN_DEPRECATED_OBJC_IMPLEMENTATIONS = YES;
				CLANG_WARN_DIRECT_OBJC_ISA_USAGE = YES_ERROR;
				CLANG_WARN_DOCUMENTATION_COMMENTS = YES;
				CLANG_WARN_EMPTY_BODY = YES;
				CLANG_WARN_ENUM_CONVERSION = YES;
				CLANG_WARN_INFINITE_RECURSION = YES;
				CLANG_WARN_INT_CONVERSION = YES;
				CLANG_WARN_NON_LITERAL_NULL_CONVERSION = YES;
				CLANG_WARN_OBJC_IMPLICIT_RETAIN_SELF = YES;
				CLANG_WARN_OBJC_LITERAL_CONVERSION = YES;
				CLANG_WARN_OBJC_ROOT_CLASS = YES_ERROR;
				CLANG_WARN_RANGE_LOOP_ANALYSIS = YES;
				CLANG_WARN_STRICT_PROTOTYPES = YES;
				CLANG_WARN_SUSPICIOUS_MOVE = YES;
				CLANG_WARN_UNGUARDED_AVAILABILITY = YES_AGGRESSIVE;
				CLANG_WARN_UNREACHABLE_CODE = YES;
				CLANG_WARN__DUPLICATE_METHOD_MATCH = YES;
				COPY_PHASE_STRIP = NO;
				DEBUG_INFORMATION_FORMAT = "dwarf-with-dsym";
				ENABLE_NS_ASSERTIONS = NO;
				ENABLE_STRICT_OBJC_MSGSEND = YES;
				GCC_C_LANGUAGE_STANDARD = gnu11;
				GCC_NO_COMMON_BLOCKS = YES;
				GCC_WARN_64_TO_32_BIT_CONVERSION = YES;
				GCC_WARN_ABOUT_RETURN_TYPE = YES_ERROR;
				GCC_WARN_UNDECLARED_SELECTOR = YES;
				GCC_WARN_UNINITIALIZED_AUTOS = YES_AGGRESSIVE;
				GCC_WARN_UNUSED_FUNCTION = YES;
				GCC_WARN_UNUSED_VARIABLE = YES;
				IPHONEOS_DEPLOYMENT_TARGET = 13.2;
				MTL_ENABLE_DEBUG_INFO = NO;
				MTL_FAST_MATH = YES;
				SDKROOT = iphoneos;
				SWIFT_COMPILATION_MODE = wholemodule;
				SWIFT_OPTIMIZATION_LEVEL = "-O";
				VALIDATE_PRODUCT = YES;
			};
			name = Release;
		};
		6AD63AAD24246BAA006BC0BA /* Debug */ = {
			isa = XCBuildConfiguration;
			baseConfigurationReference = D2BB8B6DE6ECD6E6ED675D2A /* Pods-Parstagram.debug.xcconfig */;
			buildSettings = {
				ASSETCATALOG_COMPILER_APPICON_NAME = AppIcon;
				CODE_SIGN_STYLE = Automatic;
				INFOPLIST_FILE = Parstagram/Info.plist;
				LD_RUNPATH_SEARCH_PATHS = (
					"$(inherited)",
					"@executable_path/Frameworks",
				);
				PRODUCT_BUNDLE_IDENTIFIER = TOM.Parstagram;
				PRODUCT_NAME = "$(TARGET_NAME)";
				SWIFT_VERSION = 5.0;
				TARGETED_DEVICE_FAMILY = "1,2";
			};
			name = Debug;
		};
		6AD63AAE24246BAA006BC0BA /* Release */ = {
			isa = XCBuildConfiguration;
			baseConfigurationReference = F03A6E0900CAEC3527778D37 /* Pods-Parstagram.release.xcconfig */;
			buildSettings = {
				ASSETCATALOG_COMPILER_APPICON_NAME = AppIcon;
				CODE_SIGN_STYLE = Automatic;
				INFOPLIST_FILE = Parstagram/Info.plist;
				LD_RUNPATH_SEARCH_PATHS = (
					"$(inherited)",
					"@executable_path/Frameworks",
				);
				PRODUCT_BUNDLE_IDENTIFIER = TOM.Parstagram;
				PRODUCT_NAME = "$(TARGET_NAME)";
				SWIFT_VERSION = 5.0;
				TARGETED_DEVICE_FAMILY = "1,2";
			};
			name = Release;
		};
		6AD63AB024246BAA006BC0BA /* Debug */ = {
			isa = XCBuildConfiguration;
			baseConfigurationReference = 017A567C4ECD10EA13FD40E7 /* Pods-ParstagramTests.debug.xcconfig */;
			buildSettings = {
				ALWAYS_EMBED_SWIFT_STANDARD_LIBRARIES = YES;
				BUNDLE_LOADER = "$(TEST_HOST)";
				CODE_SIGN_STYLE = Automatic;
				INFOPLIST_FILE = ParstagramTests/Info.plist;
				IPHONEOS_DEPLOYMENT_TARGET = 13.2;
				LD_RUNPATH_SEARCH_PATHS = (
					"$(inherited)",
					"@executable_path/Frameworks",
					"@loader_path/Frameworks",
				);
				PRODUCT_BUNDLE_IDENTIFIER = TOM.ParstagramTests;
				PRODUCT_NAME = "$(TARGET_NAME)";
				SWIFT_VERSION = 5.0;
				TARGETED_DEVICE_FAMILY = "1,2";
				TEST_HOST = "$(BUILT_PRODUCTS_DIR)/Parstagram.app/Parstagram";
			};
			name = Debug;
		};
		6AD63AB124246BAA006BC0BA /* Release */ = {
			isa = XCBuildConfiguration;
			baseConfigurationReference = 320D6A84F6021518A4AF735E /* Pods-ParstagramTests.release.xcconfig */;
			buildSettings = {
				ALWAYS_EMBED_SWIFT_STANDARD_LIBRARIES = YES;
				BUNDLE_LOADER = "$(TEST_HOST)";
				CODE_SIGN_STYLE = Automatic;
				INFOPLIST_FILE = ParstagramTests/Info.plist;
				IPHONEOS_DEPLOYMENT_TARGET = 13.2;
				LD_RUNPATH_SEARCH_PATHS = (
					"$(inherited)",
					"@executable_path/Frameworks",
					"@loader_path/Frameworks",
				);
				PRODUCT_BUNDLE_IDENTIFIER = TOM.ParstagramTests;
				PRODUCT_NAME = "$(TARGET_NAME)";
				SWIFT_VERSION = 5.0;
				TARGETED_DEVICE_FAMILY = "1,2";
				TEST_HOST = "$(BUILT_PRODUCTS_DIR)/Parstagram.app/Parstagram";
			};
			name = Release;
		};
		6AD63AB324246BAA006BC0BA /* Debug */ = {
			isa = XCBuildConfiguration;
			baseConfigurationReference = 249E18BE20AA60E26B27569F /* Pods-Parstagram-ParstagramUITests.debug.xcconfig */;
			buildSettings = {
				ALWAYS_EMBED_SWIFT_STANDARD_LIBRARIES = YES;
				CODE_SIGN_STYLE = Automatic;
				INFOPLIST_FILE = ParstagramUITests/Info.plist;
				LD_RUNPATH_SEARCH_PATHS = (
					"$(inherited)",
					"@executable_path/Frameworks",
					"@loader_path/Frameworks",
				);
				PRODUCT_BUNDLE_IDENTIFIER = TOM.ParstagramUITests;
				PRODUCT_NAME = "$(TARGET_NAME)";
				SWIFT_VERSION = 5.0;
				TARGETED_DEVICE_FAMILY = "1,2";
				TEST_TARGET_NAME = Parstagram;
			};
			name = Debug;
		};
		6AD63AB424246BAA006BC0BA /* Release */ = {
			isa = XCBuildConfiguration;
			baseConfigurationReference = C5EC4785F3C0655E41C11DB5 /* Pods-Parstagram-ParstagramUITests.release.xcconfig */;
			buildSettings = {
				ALWAYS_EMBED_SWIFT_STANDARD_LIBRARIES = YES;
				CODE_SIGN_STYLE = Automatic;
				INFOPLIST_FILE = ParstagramUITests/Info.plist;
				LD_RUNPATH_SEARCH_PATHS = (
					"$(inherited)",
					"@executable_path/Frameworks",
					"@loader_path/Frameworks",
				);
				PRODUCT_BUNDLE_IDENTIFIER = TOM.ParstagramUITests;
				PRODUCT_NAME = "$(TARGET_NAME)";
				SWIFT_VERSION = 5.0;
				TARGETED_DEVICE_FAMILY = "1,2";
				TEST_TARGET_NAME = Parstagram;
			};
			name = Release;
		};
/* End XCBuildConfiguration section */

/* Begin XCConfigurationList section */
		6AD63A7D24246BA6006BC0BA /* Build configuration list for PBXProject "Parstagram" */ = {
			isa = XCConfigurationList;
			buildConfigurations = (
				6AD63AAA24246BAA006BC0BA /* Debug */,
				6AD63AAB24246BAA006BC0BA /* Release */,
			);
			defaultConfigurationIsVisible = 0;
			defaultConfigurationName = Release;
		};
		6AD63AAC24246BAA006BC0BA /* Build configuration list for PBXNativeTarget "Parstagram" */ = {
			isa = XCConfigurationList;
			buildConfigurations = (
				6AD63AAD24246BAA006BC0BA /* Debug */,
				6AD63AAE24246BAA006BC0BA /* Release */,
			);
			defaultConfigurationIsVisible = 0;
			defaultConfigurationName = Release;
		};
		6AD63AAF24246BAA006BC0BA /* Build configuration list for PBXNativeTarget "ParstagramTests" */ = {
			isa = XCConfigurationList;
			buildConfigurations = (
				6AD63AB024246BAA006BC0BA /* Debug */,
				6AD63AB124246BAA006BC0BA /* Release */,
			);
			defaultConfigurationIsVisible = 0;
			defaultConfigurationName = Release;
		};
		6AD63AB224246BAA006BC0BA /* Build configuration list for PBXNativeTarget "ParstagramUITests" */ = {
			isa = XCConfigurationList;
			buildConfigurations = (
				6AD63AB324246BAA006BC0BA /* Debug */,
				6AD63AB424246BAA006BC0BA /* Release */,
			);
			defaultConfigurationIsVisible = 0;
			defaultConfigurationName = Release;
		};
/* End XCConfigurationList section */
	};
	rootObject = 6AD63A7A24246BA6006BC0BA /* Project object */;
}
